// !$*UTF8*$!
{
	archiveVersion = 1;
	classes = {
	};
	objectVersion = 56;
	objects = {

/* Begin PBXBuildFile section */
		BE0586A62AAD5EED007F0C55 /* SwiftUICleanArchitecture_TodoApp.swift in Sources */ = {isa = PBXBuildFile; fileRef = BE0586A52AAD5EED007F0C55 /* SwiftUICleanArchitecture_TodoApp.swift */; };
		BE0586A82AAD5EED007F0C55 /* ContentView.swift in Sources */ = {isa = PBXBuildFile; fileRef = BE0586A72AAD5EED007F0C55 /* ContentView.swift */; };
		BE0586AA2AAD5EEE007F0C55 /* Assets.xcassets in Resources */ = {isa = PBXBuildFile; fileRef = BE0586A92AAD5EEE007F0C55 /* Assets.xcassets */; };
		BE0586AD2AAD5EEE007F0C55 /* Preview Assets.xcassets in Resources */ = {isa = PBXBuildFile; fileRef = BE0586AC2AAD5EEE007F0C55 /* Preview Assets.xcassets */; };
		BE0586B82AAD5F3D007F0C55 /* Todo.swift in Sources */ = {isa = PBXBuildFile; fileRef = BE0586B72AAD5F3D007F0C55 /* Todo.swift */; };
		BE0586BC2AAD5F6A007F0C55 /* TodoListUseCase.swift in Sources */ = {isa = PBXBuildFile; fileRef = BE0586BB2AAD5F6A007F0C55 /* TodoListUseCase.swift */; };
		BE0586BE2AAD5F95007F0C55 /* TodoListRepository.swift in Sources */ = {isa = PBXBuildFile; fileRef = BE0586BD2AAD5F95007F0C55 /* TodoListRepository.swift */; };
		BE0586C42AAD607C007F0C55 /* TodoListViewModel.swift in Sources */ = {isa = PBXBuildFile; fileRef = BE0586C32AAD607C007F0C55 /* TodoListViewModel.swift */; };
		BE0586CE2AAD6182007F0C55 /* SwiftUICleanArchitecture_TodoTests.swift in Sources */ = {isa = PBXBuildFile; fileRef = BE0586CD2AAD6182007F0C55 /* SwiftUICleanArchitecture_TodoTests.swift */; };
		BE0586E42AB07457007F0C55 /* CoreDataTodoListRepository.swift in Sources */ = {isa = PBXBuildFile; fileRef = BE0586E32AB07457007F0C55 /* CoreDataTodoListRepository.swift */; };
		BE0586E72AB076E3007F0C55 /* Todo.xcdatamodeld in Sources */ = {isa = PBXBuildFile; fileRef = BE0586E52AB076E3007F0C55 /* Todo.xcdatamodeld */; };
/* End PBXBuildFile section */

/* Begin PBXContainerItemProxy section */
		BE0586CF2AAD6182007F0C55 /* PBXContainerItemProxy */ = {
			isa = PBXContainerItemProxy;
			containerPortal = BE05869A2AAD5EED007F0C55 /* Project object */;
			proxyType = 1;
			remoteGlobalIDString = BE0586A12AAD5EED007F0C55;
			remoteInfo = "SwiftUICleanArchitecture+Todo";
		};
/* End PBXContainerItemProxy section */

/* Begin PBXFileReference section */
		BE0586A22AAD5EED007F0C55 /* SwiftUICleanArchitecture+Todo.app */ = {isa = PBXFileReference; explicitFileType = wrapper.application; includeInIndex = 0; path = "SwiftUICleanArchitecture+Todo.app"; sourceTree = BUILT_PRODUCTS_DIR; };
		BE0586A52AAD5EED007F0C55 /* SwiftUICleanArchitecture_TodoApp.swift */ = {isa = PBXFileReference; lastKnownFileType = sourcecode.swift; path = SwiftUICleanArchitecture_TodoApp.swift; sourceTree = "<group>"; };
		BE0586A72AAD5EED007F0C55 /* ContentView.swift */ = {isa = PBXFileReference; lastKnownFileType = sourcecode.swift; path = ContentView.swift; sourceTree = "<group>"; };
		BE0586A92AAD5EEE007F0C55 /* Assets.xcassets */ = {isa = PBXFileReference; lastKnownFileType = folder.assetcatalog; path = Assets.xcassets; sourceTree = "<group>"; };
		BE0586AC2AAD5EEE007F0C55 /* Preview Assets.xcassets */ = {isa = PBXFileReference; lastKnownFileType = folder.assetcatalog; path = "Preview Assets.xcassets"; sourceTree = "<group>"; };
		BE0586B72AAD5F3D007F0C55 /* Todo.swift */ = {isa = PBXFileReference; lastKnownFileType = sourcecode.swift; path = Todo.swift; sourceTree = "<group>"; };
		BE0586BB2AAD5F6A007F0C55 /* TodoListUseCase.swift */ = {isa = PBXFileReference; lastKnownFileType = sourcecode.swift; path = TodoListUseCase.swift; sourceTree = "<group>"; };
		BE0586BD2AAD5F95007F0C55 /* TodoListRepository.swift */ = {isa = PBXFileReference; lastKnownFileType = sourcecode.swift; path = TodoListRepository.swift; sourceTree = "<group>"; };
		BE0586C32AAD607C007F0C55 /* TodoListViewModel.swift */ = {isa = PBXFileReference; lastKnownFileType = sourcecode.swift; path = TodoListViewModel.swift; sourceTree = "<group>"; };
		BE0586CB2AAD6182007F0C55 /* SwiftUICleanArchitecture+TodoTests.xctest */ = {isa = PBXFileReference; explicitFileType = wrapper.cfbundle; includeInIndex = 0; path = "SwiftUICleanArchitecture+TodoTests.xctest"; sourceTree = BUILT_PRODUCTS_DIR; };
		BE0586CD2AAD6182007F0C55 /* SwiftUICleanArchitecture_TodoTests.swift */ = {isa = PBXFileReference; lastKnownFileType = sourcecode.swift; path = SwiftUICleanArchitecture_TodoTests.swift; sourceTree = "<group>"; };
		BE0586E32AB07457007F0C55 /* CoreDataTodoListRepository.swift */ = {isa = PBXFileReference; lastKnownFileType = sourcecode.swift; path = CoreDataTodoListRepository.swift; sourceTree = "<group>"; };
		BE0586E62AB076E3007F0C55 /* TodoData.xcdatamodel */ = {isa = PBXFileReference; lastKnownFileType = wrapper.xcdatamodel; path = TodoData.xcdatamodel; sourceTree = "<group>"; };
/* End PBXFileReference section */

/* Begin PBXFrameworksBuildPhase section */
		BE05869F2AAD5EED007F0C55 /* Frameworks */ = {
			isa = PBXFrameworksBuildPhase;
			buildActionMask = 2147483647;
			files = (
			);
			runOnlyForDeploymentPostprocessing = 0;
		};
		BE0586C82AAD6182007F0C55 /* Frameworks */ = {
			isa = PBXFrameworksBuildPhase;
			buildActionMask = 2147483647;
			files = (
			);
			runOnlyForDeploymentPostprocessing = 0;
		};
/* End PBXFrameworksBuildPhase section */

/* Begin PBXGroup section */
		BE0586992AAD5EED007F0C55 = {
			isa = PBXGroup;
			children = (
				BE0586A42AAD5EED007F0C55 /* SwiftUICleanArchitecture+Todo */,
				BE0586CC2AAD6182007F0C55 /* SwiftUICleanArchitecture+TodoTests */,
				BE0586A32AAD5EED007F0C55 /* Products */,
			);
			sourceTree = "<group>";
		};
		BE0586A32AAD5EED007F0C55 /* Products */ = {
			isa = PBXGroup;
			children = (
				BE0586A22AAD5EED007F0C55 /* SwiftUICleanArchitecture+Todo.app */,
				BE0586CB2AAD6182007F0C55 /* SwiftUICleanArchitecture+TodoTests.xctest */,
			);
			name = Products;
			sourceTree = "<group>";
		};
		BE0586A42AAD5EED007F0C55 /* SwiftUICleanArchitecture+Todo */ = {
			isa = PBXGroup;
			children = (
				BE0586B42AAD5F19007F0C55 /* Domain */,
				BE0586B32AAD5F15007F0C55 /* Data */,
				BE0586BF2AAD5FD9007F0C55 /* Presentation */,
				BE0586A52AAD5EED007F0C55 /* SwiftUICleanArchitecture_TodoApp.swift */,
				BE0586A92AAD5EEE007F0C55 /* Assets.xcassets */,
				BE0586AB2AAD5EEE007F0C55 /* Preview Content */,
			);
			path = "SwiftUICleanArchitecture+Todo";
			sourceTree = "<group>";
		};
		BE0586AB2AAD5EEE007F0C55 /* Preview Content */ = {
			isa = PBXGroup;
			children = (
				BE0586AC2AAD5EEE007F0C55 /* Preview Assets.xcassets */,
			);
			path = "Preview Content";
			sourceTree = "<group>";
		};
		BE0586B32AAD5F15007F0C55 /* Data */ = {
			isa = PBXGroup;
			children = (
				BE0586B52AAD5F24007F0C55 /* Repositories */,
			);
			path = Data;
			sourceTree = "<group>";
		};
		BE0586B42AAD5F19007F0C55 /* Domain */ = {
			isa = PBXGroup;
			children = (
				BE0586B92AAD5F4C007F0C55 /* Entities */,
				BE0586BA2AAD5F50007F0C55 /* UseCase */,
			);
			path = Domain;
			sourceTree = "<group>";
		};
		BE0586B52AAD5F24007F0C55 /* Repositories */ = {
			isa = PBXGroup;
			children = (
				BE0586BD2AAD5F95007F0C55 /* TodoListRepository.swift */,
				BE0586E32AB07457007F0C55 /* CoreDataTodoListRepository.swift */,
			);
			path = Repositories;
			sourceTree = "<group>";
		};
		BE0586B92AAD5F4C007F0C55 /* Entities */ = {
			isa = PBXGroup;
			children = (
				BE0586B72AAD5F3D007F0C55 /* Todo.swift */,
			);
			path = Entities;
			sourceTree = "<group>";
		};
		BE0586BA2AAD5F50007F0C55 /* UseCase */ = {
			isa = PBXGroup;
			children = (
				BE0586BB2AAD5F6A007F0C55 /* TodoListUseCase.swift */,
			);
			path = UseCase;
			sourceTree = "<group>";
		};
		BE0586BF2AAD5FD9007F0C55 /* Presentation */ = {
			isa = PBXGroup;
			children = (
				BE0586C52AAD6127007F0C55 /* ViewModel */,
				BE0586C62AAD612D007F0C55 /* View */,
			);
			path = Presentation;
			sourceTree = "<group>";
		};
		BE0586C52AAD6127007F0C55 /* ViewModel */ = {
			isa = PBXGroup;
			children = (
				BE0586C32AAD607C007F0C55 /* TodoListViewModel.swift */,
			);
			path = ViewModel;
			sourceTree = "<group>";
		};
		BE0586C62AAD612D007F0C55 /* View */ = {
			isa = PBXGroup;
			children = (
				BE0586A72AAD5EED007F0C55 /* ContentView.swift */,
				BE0586E52AB076E3007F0C55 /* Todo.xcdatamodeld */,
			);
			path = View;
			sourceTree = "<group>";
		};
		BE0586CC2AAD6182007F0C55 /* SwiftUICleanArchitecture+TodoTests */ = {
			isa = PBXGroup;
			children = (
				BE0586CD2AAD6182007F0C55 /* SwiftUICleanArchitecture_TodoTests.swift */,
			);
			path = "SwiftUICleanArchitecture+TodoTests";
			sourceTree = "<group>";
		};
/* End PBXGroup section */

/* Begin PBXNativeTarget section */
		BE0586A12AAD5EED007F0C55 /* SwiftUICleanArchitecture+Todo */ = {
			isa = PBXNativeTarget;
			buildConfigurationList = BE0586B02AAD5EEE007F0C55 /* Build configuration list for PBXNativeTarget "SwiftUICleanArchitecture+Todo" */;
			buildPhases = (
				BE05869E2AAD5EED007F0C55 /* Sources */,
				BE05869F2AAD5EED007F0C55 /* Frameworks */,
				BE0586A02AAD5EED007F0C55 /* Resources */,
			);
			buildRules = (
			);
			dependencies = (
			);
			name = "SwiftUICleanArchitecture+Todo";
			productName = "SwiftUICleanArchitecture+Todo";
			productReference = BE0586A22AAD5EED007F0C55 /* SwiftUICleanArchitecture+Todo.app */;
			productType = "com.apple.product-type.application";
		};
		BE0586CA2AAD6182007F0C55 /* SwiftUICleanArchitecture+TodoTests */ = {
			isa = PBXNativeTarget;
			buildConfigurationList = BE0586D12AAD6182007F0C55 /* Build configuration list for PBXNativeTarget "SwiftUICleanArchitecture+TodoTests" */;
			buildPhases = (
				BE0586C72AAD6182007F0C55 /* Sources */,
				BE0586C82AAD6182007F0C55 /* Frameworks */,
				BE0586C92AAD6182007F0C55 /* Resources */,
			);
			buildRules = (
			);
			dependencies = (
				BE0586D02AAD6182007F0C55 /* PBXTargetDependency */,
			);
			name = "SwiftUICleanArchitecture+TodoTests";
			productName = "SwiftUICleanArchitecture+TodoTests";
			productReference = BE0586CB2AAD6182007F0C55 /* SwiftUICleanArchitecture+TodoTests.xctest */;
			productType = "com.apple.product-type.bundle.unit-test";
		};
/* End PBXNativeTarget section */

/* Begin PBXProject section */
		BE05869A2AAD5EED007F0C55 /* Project object */ = {
			isa = PBXProject;
			attributes = {
				BuildIndependentTargetsInParallel = 1;
				LastSwiftUpdateCheck = 1430;
				LastUpgradeCheck = 1430;
				TargetAttributes = {
					BE0586A12AAD5EED007F0C55 = {
						CreatedOnToolsVersion = 14.3.1;
					};
					BE0586CA2AAD6182007F0C55 = {
						CreatedOnToolsVersion = 14.3.1;
						TestTargetID = BE0586A12AAD5EED007F0C55;
					};
				};
			};
			buildConfigurationList = BE05869D2AAD5EED007F0C55 /* Build configuration list for PBXProject "SwiftUICleanArchitecture+Todo" */;
			compatibilityVersion = "Xcode 14.0";
			developmentRegion = en;
			hasScannedForEncodings = 0;
			knownRegions = (
				en,
				Base,
			);
			mainGroup = BE0586992AAD5EED007F0C55;
			productRefGroup = BE0586A32AAD5EED007F0C55 /* Products */;
			projectDirPath = "";
			projectRoot = "";
			targets = (
				BE0586A12AAD5EED007F0C55 /* SwiftUICleanArchitecture+Todo */,
				BE0586CA2AAD6182007F0C55 /* SwiftUICleanArchitecture+TodoTests */,
			);
		};
/* End PBXProject section */

/* Begin PBXResourcesBuildPhase section */
		BE0586A02AAD5EED007F0C55 /* Resources */ = {
			isa = PBXResourcesBuildPhase;
			buildActionMask = 2147483647;
			files = (
				BE0586AD2AAD5EEE007F0C55 /* Preview Assets.xcassets in Resources */,
				BE0586AA2AAD5EEE007F0C55 /* Assets.xcassets in Resources */,
			);
			runOnlyForDeploymentPostprocessing = 0;
		};
		BE0586C92AAD6182007F0C55 /* Resources */ = {
			isa = PBXResourcesBuildPhase;
			buildActionMask = 2147483647;
			files = (
			);
			runOnlyForDeploymentPostprocessing = 0;
		};
/* End PBXResourcesBuildPhase section */

/* Begin PBXSourcesBuildPhase section */
		BE05869E2AAD5EED007F0C55 /* Sources */ = {
			isa = PBXSourcesBuildPhase;
			buildActionMask = 2147483647;
			files = (
				BE0586B82AAD5F3D007F0C55 /* Todo.swift in Sources */,
				BE0586A82AAD5EED007F0C55 /* ContentView.swift in Sources */,
				BE0586C42AAD607C007F0C55 /* TodoListViewModel.swift in Sources */,
				BE0586E42AB07457007F0C55 /* CoreDataTodoListRepository.swift in Sources */,
				BE0586BE2AAD5F95007F0C55 /* TodoListRepository.swift in Sources */,
				BE0586E72AB076E3007F0C55 /* Todo.xcdatamodeld in Sources */,
				BE0586A62AAD5EED007F0C55 /* SwiftUICleanArchitecture_TodoApp.swift in Sources */,
				BE0586BC2AAD5F6A007F0C55 /* TodoListUseCase.swift in Sources */,
			);
			runOnlyForDeploymentPostprocessing = 0;
		};
		BE0586C72AAD6182007F0C55 /* Sources */ = {
			isa = PBXSourcesBuildPhase;
			buildActionMask = 2147483647;
			files = (
				BE0586CE2AAD6182007F0C55 /* SwiftUICleanArchitecture_TodoTests.swift in Sources */,
			);
			runOnlyForDeploymentPostprocessing = 0;
		};
/* End PBXSourcesBuildPhase section */

/* Begin PBXTargetDependency section */
		BE0586D02AAD6182007F0C55 /* PBXTargetDependency */ = {
			isa = PBXTargetDependency;
			target = BE0586A12AAD5EED007F0C55 /* SwiftUICleanArchitecture+Todo */;
			targetProxy = BE0586CF2AAD6182007F0C55 /* PBXContainerItemProxy */;
		};
/* End PBXTargetDependency section */

/* Begin XCBuildConfiguration section */
		BE0586AE2AAD5EEE007F0C55 /* Debug */ = {
			isa = XCBuildConfiguration;
			buildSettings = {
				ALWAYS_SEARCH_USER_PATHS = NO;
				CLANG_ANALYZER_NONNULL = YES;
				CLANG_ANALYZER_NUMBER_OBJECT_CONVERSION = YES_AGGRESSIVE;
				CLANG_CXX_LANGUAGE_STANDARD = "gnu++20";
				CLANG_ENABLE_MODULES = YES;
				CLANG_ENABLE_OBJC_ARC = YES;
				CLANG_ENABLE_OBJC_WEAK = YES;
				CLANG_WARN_BLOCK_CAPTURE_AUTORELEASING = YES;
				CLANG_WARN_BOOL_CONVERSION = YES;
				CLANG_WARN_COMMA = YES;
				CLANG_WARN_CONSTANT_CONVERSION = YES;
				CLANG_WARN_DEPRECATED_OBJC_IMPLEMENTATIONS = YES;
				CLANG_WARN_DIRECT_OBJC_ISA_USAGE = YES_ERROR;
				CLANG_WARN_DOCUMENTATION_COMMENTS = YES;
				CLANG_WARN_EMPTY_BODY = YES;
				CLANG_WARN_ENUM_CONVERSION = YES;
				CLANG_WARN_INFINITE_RECURSION = YES;
				CLANG_WARN_INT_CONVERSION = YES;
				CLANG_WARN_NON_LITERAL_NULL_CONVERSION = YES;
				CLANG_WARN_OBJC_IMPLICIT_RETAIN_SELF = YES;
				CLANG_WARN_OBJC_LITERAL_CONVERSION = YES;
				CLANG_WARN_OBJC_ROOT_CLASS = YES_ERROR;
				CLANG_WARN_QUOTED_INCLUDE_IN_FRAMEWORK_HEADER = YES;
				CLANG_WARN_RANGE_LOOP_ANALYSIS = YES;
				CLANG_WARN_STRICT_PROTOTYPES = YES;
				CLANG_WARN_SUSPICIOUS_MOVE = YES;
				CLANG_WARN_UNGUARDED_AVAILABILITY = YES_AGGRESSIVE;
				CLANG_WARN_UNREACHABLE_CODE = YES;
				CLANG_WARN__DUPLICATE_METHOD_MATCH = YES;
				COPY_PHASE_STRIP = NO;
				DEBUG_INFORMATION_FORMAT = dwarf;
				ENABLE_STRICT_OBJC_MSGSEND = YES;
				ENABLE_TESTABILITY = YES;
				GCC_C_LANGUAGE_STANDARD = gnu11;
				GCC_DYNAMIC_NO_PIC = NO;
				GCC_NO_COMMON_BLOCKS = YES;
				GCC_OPTIMIZATION_LEVEL = 0;
				GCC_PREPROCESSOR_DEFINITIONS = (
					"DEBUG=1",
					"$(inherited)",
				);
				GCC_WARN_64_TO_32_BIT_CONVERSION = YES;
				GCC_WARN_ABOUT_RETURN_TYPE = YES_ERROR;
				GCC_WARN_UNDECLARED_SELECTOR = YES;
				GCC_WARN_UNINITIALIZED_AUTOS = YES_AGGRESSIVE;
				GCC_WARN_UNUSED_FUNCTION = YES;
				GCC_WARN_UNUSED_VARIABLE = YES;
				IPHONEOS_DEPLOYMENT_TARGET = 16.4;
				MTL_ENABLE_DEBUG_INFO = INCLUDE_SOURCE;
				MTL_FAST_MATH = YES;
				ONLY_ACTIVE_ARCH = YES;
				SDKROOT = iphoneos;
				SWIFT_ACTIVE_COMPILATION_CONDITIONS = DEBUG;
				SWIFT_OPTIMIZATION_LEVEL = "-Onone";
			};
			name = Debug;
		};
		BE0586AF2AAD5EEE007F0C55 /* Release */ = {
			isa = XCBuildConfiguration;
			buildSettings = {
				ALWAYS_SEARCH_USER_PATHS = NO;
				CLANG_ANALYZER_NONNULL = YES;
				CLANG_ANALYZER_NUMBER_OBJECT_CONVERSION = YES_AGGRESSIVE;
				CLANG_CXX_LANGUAGE_STANDARD = "gnu++20";
				CLANG_ENABLE_MODULES = YES;
				CLANG_ENABLE_OBJC_ARC = YES;
				CLANG_ENABLE_OBJC_WEAK = YES;
				CLANG_WARN_BLOCK_CAPTURE_AUTORELEASING = YES;
				CLANG_WARN_BOOL_CONVERSION = YES;
				CLANG_WARN_COMMA = YES;
				CLANG_WARN_CONSTANT_CONVERSION = YES;
				CLANG_WARN_DEPRECATED_OBJC_IMPLEMENTATIONS = YES;
				CLANG_WARN_DIRECT_OBJC_ISA_USAGE = YES_ERROR;
				CLANG_WARN_DOCUMENTATION_COMMENTS = YES;
				CLANG_WARN_EMPTY_BODY = YES;
				CLANG_WARN_ENUM_CONVERSION = YES;
				CLANG_WARN_INFINITE_RECURSION = YES;
				CLANG_WARN_INT_CONVERSION = YES;
				CLANG_WARN_NON_LITERAL_NULL_CONVERSION = YES;
				CLANG_WARN_OBJC_IMPLICIT_RETAIN_SELF = YES;
				CLANG_WARN_OBJC_LITERAL_CONVERSION = YES;
				CLANG_WARN_OBJC_ROOT_CLASS = YES_ERROR;
				CLANG_WARN_QUOTED_INCLUDE_IN_FRAMEWORK_HEADER = YES;
				CLANG_WARN_RANGE_LOOP_ANALYSIS = YES;
				CLANG_WARN_STRICT_PROTOTYPES = YES;
				CLANG_WARN_SUSPICIOUS_MOVE = YES;
				CLANG_WARN_UNGUARDED_AVAILABILITY = YES_AGGRESSIVE;
				CLANG_WARN_UNREACHABLE_CODE = YES;
				CLANG_WARN__DUPLICATE_METHOD_MATCH = YES;
				COPY_PHASE_STRIP = NO;
				DEBUG_INFORMATION_FORMAT = "dwarf-with-dsym";
				ENABLE_NS_ASSERTIONS = NO;
				ENABLE_STRICT_OBJC_MSGSEND = YES;
				GCC_C_LANGUAGE_STANDARD = gnu11;
				GCC_NO_COMMON_BLOCKS = YES;
				GCC_WARN_64_TO_32_BIT_CONVERSION = YES;
				GCC_WARN_ABOUT_RETURN_TYPE = YES_ERROR;
				GCC_WARN_UNDECLARED_SELECTOR = YES;
				GCC_WARN_UNINITIALIZED_AUTOS = YES_AGGRESSIVE;
				GCC_WARN_UNUSED_FUNCTION = YES;
				GCC_WARN_UNUSED_VARIABLE = YES;
				IPHONEOS_DEPLOYMENT_TARGET = 16.4;
				MTL_ENABLE_DEBUG_INFO = NO;
				MTL_FAST_MATH = YES;
				SDKROOT = iphoneos;
				SWIFT_COMPILATION_MODE = wholemodule;
				SWIFT_OPTIMIZATION_LEVEL = "-O";
				VALIDATE_PRODUCT = YES;
			};
			name = Release;
		};
		BE0586B12AAD5EEE007F0C55 /* Debug */ = {
			isa = XCBuildConfiguration;
			buildSettings = {
				ASSETCATALOG_COMPILER_APPICON_NAME = AppIcon;
				ASSETCATALOG_COMPILER_GLOBAL_ACCENT_COLOR_NAME = AccentColor;
				CODE_SIGN_STYLE = Automatic;
				CURRENT_PROJECT_VERSION = 1;
				DEVELOPMENT_ASSET_PATHS = "\"SwiftUICleanArchitecture+Todo/Preview Content\"";
				DEVELOPMENT_TEAM = 4Y2567YJY8;
				ENABLE_PREVIEWS = YES;
				GENERATE_INFOPLIST_FILE = YES;
				INFOPLIST_KEY_UIApplicationSceneManifest_Generation = YES;
				INFOPLIST_KEY_UIApplicationSupportsIndirectInputEvents = YES;
				INFOPLIST_KEY_UILaunchScreen_Generation = YES;
				INFOPLIST_KEY_UISupportedInterfaceOrientations_iPad = "UIInterfaceOrientationPortrait UIInterfaceOrientationPortraitUpsideDown UIInterfaceOrientationLandscapeLeft UIInterfaceOrientationLandscapeRight";
				INFOPLIST_KEY_UISupportedInterfaceOrientations_iPhone = "UIInterfaceOrientationPortrait UIInterfaceOrientationLandscapeLeft UIInterfaceOrientationLandscapeRight";
				LD_RUNPATH_SEARCH_PATHS = (
					"$(inherited)",
					"@executable_path/Frameworks",
				);
				MARKETING_VERSION = 1.0;
				PRODUCT_BUNDLE_IDENTIFIER = "kant.SwiftUICleanArchitecture-Todo";
				PRODUCT_NAME = "$(TARGET_NAME)";
				SWIFT_EMIT_LOC_STRINGS = YES;
				SWIFT_VERSION = 5.0;
				TARGETED_DEVICE_FAMILY = "1,2";
			};
			name = Debug;
		};
		BE0586B22AAD5EEE007F0C55 /* Release */ = {
			isa = XCBuildConfiguration;
			buildSettings = {
				ASSETCATALOG_COMPILER_APPICON_NAME = AppIcon;
				ASSETCATALOG_COMPILER_GLOBAL_ACCENT_COLOR_NAME = AccentColor;
				CODE_SIGN_STYLE = Automatic;
				CURRENT_PROJECT_VERSION = 1;
				DEVELOPMENT_ASSET_PATHS = "\"SwiftUICleanArchitecture+Todo/Preview Content\"";
				DEVELOPMENT_TEAM = 4Y2567YJY8;
				ENABLE_PREVIEWS = YES;
				GENERATE_INFOPLIST_FILE = YES;
				INFOPLIST_KEY_UIApplicationSceneManifest_Generation = YES;
				INFOPLIST_KEY_UIApplicationSupportsIndirectInputEvents = YES;
				INFOPLIST_KEY_UILaunchScreen_Generation = YES;
				INFOPLIST_KEY_UISupportedInterfaceOrientations_iPad = "UIInterfaceOrientationPortrait UIInterfaceOrientationPortraitUpsideDown UIInterfaceOrientationLandscapeLeft UIInterfaceOrientationLandscapeRight";
				INFOPLIST_KEY_UISupportedInterfaceOrientations_iPhone = "UIInterfaceOrientationPortrait UIInterfaceOrientationLandscapeLeft UIInterfaceOrientationLandscapeRight";
				LD_RUNPATH_SEARCH_PATHS = (
					"$(inherited)",
					"@executable_path/Frameworks",
				);
				MARKETING_VERSION = 1.0;
				PRODUCT_BUNDLE_IDENTIFIER = "kant.SwiftUICleanArchitecture-Todo";
				PRODUCT_NAME = "$(TARGET_NAME)";
				SWIFT_EMIT_LOC_STRINGS = YES;
				SWIFT_VERSION = 5.0;
				TARGETED_DEVICE_FAMILY = "1,2";
			};
			name = Release;
		};
		BE0586D22AAD6182007F0C55 /* Debug */ = {
			isa = XCBuildConfiguration;
			buildSettings = {
				BUNDLE_LOADER = "$(TEST_HOST)";
				CODE_SIGN_STYLE = Automatic;
				CURRENT_PROJECT_VERSION = 1;
				DEVELOPMENT_TEAM = 4Y2567YJY8;
				GENERATE_INFOPLIST_FILE = YES;
				IPHONEOS_DEPLOYMENT_TARGET = 16.4;
				MACOSX_DEPLOYMENT_TARGET = 13.2;
				MARKETING_VERSION = 1.0;
				PRODUCT_BUNDLE_IDENTIFIER = "kant.SwiftUICleanArchitecture-TodoTests";
				PRODUCT_NAME = "$(TARGET_NAME)";
				SDKROOT = auto;
				SUPPORTED_PLATFORMS = "iphoneos iphonesimulator macosx";
				SWIFT_EMIT_LOC_STRINGS = NO;
				SWIFT_VERSION = 5.0;
				TARGETED_DEVICE_FAMILY = "1,2";
				TEST_HOST = "$(BUILT_PRODUCTS_DIR)/SwiftUICleanArchitecture+Todo.app/$(BUNDLE_EXECUTABLE_FOLDER_PATH)/SwiftUICleanArchitecture+Todo";
			};
			name = Debug;
		};
		BE0586D32AAD6182007F0C55 /* Release */ = {
			isa = XCBuildConfiguration;
			buildSettings = {
				BUNDLE_LOADER = "$(TEST_HOST)";
				CODE_SIGN_STYLE = Automatic;
				CURRENT_PROJECT_VERSION = 1;
				DEVELOPMENT_TEAM = 4Y2567YJY8;
				GENERATE_INFOPLIST_FILE = YES;
				IPHONEOS_DEPLOYMENT_TARGET = 16.4;
				MACOSX_DEPLOYMENT_TARGET = 13.2;
				MARKETING_VERSION = 1.0;
				PRODUCT_BUNDLE_IDENTIFIER = "kant.SwiftUICleanArchitecture-TodoTests";
				PRODUCT_NAME = "$(TARGET_NAME)";
				SDKROOT = auto;
				SUPPORTED_PLATFORMS = "iphoneos iphonesimulator macosx";
				SWIFT_EMIT_LOC_STRINGS = NO;
				SWIFT_VERSION = 5.0;
				TARGETED_DEVICE_FAMILY = "1,2";
				TEST_HOST = "$(BUILT_PRODUCTS_DIR)/SwiftUICleanArchitecture+Todo.app/$(BUNDLE_EXECUTABLE_FOLDER_PATH)/SwiftUICleanArchitecture+Todo";
			};
			name = Release;
		};
/* End XCBuildConfiguration section */

/* Begin XCConfigurationList section */
		BE05869D2AAD5EED007F0C55 /* Build configuration list for PBXProject "SwiftUICleanArchitecture+Todo" */ = {
			isa = XCConfigurationList;
			buildConfigurations = (
				BE0586AE2AAD5EEE007F0C55 /* Debug */,
				BE0586AF2AAD5EEE007F0C55 /* Release */,
			);
			defaultConfigurationIsVisible = 0;
			defaultConfigurationName = Release;
		};
		BE0586B02AAD5EEE007F0C55 /* Build configuration list for PBXNativeTarget "SwiftUICleanArchitecture+Todo" */ = {
			isa = XCConfigurationList;
			buildConfigurations = (
				BE0586B12AAD5EEE007F0C55 /* Debug */,
				BE0586B22AAD5EEE007F0C55 /* Release */,
			);
			defaultConfigurationIsVisible = 0;
			defaultConfigurationName = Release;
		};
		BE0586D12AAD6182007F0C55 /* Build configuration list for PBXNativeTarget "SwiftUICleanArchitecture+TodoTests" */ = {
			isa = XCConfigurationList;
			buildConfigurations = (
				BE0586D22AAD6182007F0C55 /* Debug */,
				BE0586D32AAD6182007F0C55 /* Release */,
			);
			defaultConfigurationIsVisible = 0;
			defaultConfigurationName = Release;
		};
/* End XCConfigurationList section */

/* Begin XCVersionGroup section */
		BE0586E52AB076E3007F0C55 /* Todo.xcdatamodeld */ = {
			isa = XCVersionGroup;
			children = (
				BE0586E62AB076E3007F0C55 /* TodoData.xcdatamodel */,
			);
			currentVersion = BE0586E62AB076E3007F0C55 /* TodoData.xcdatamodel */;
			path = Todo.xcdatamodeld;
			sourceTree = "<group>";
			versionGroupType = wrapper.xcdatamodel;
		};
/* End XCVersionGroup section */
	};
	rootObject = BE05869A2AAD5EED007F0C55 /* Project object */;
}
